
Microsoft Visual Studio Solution File, Format Version 12.00
# Visual Studio Version 17
VisualStudioVersion = 17.3.32901.215
MinimumVisualStudioVersion = 10.0.40219.1
Project("{FAE04EC0-301F-11D3-BF4B-00C04F79EFBC}") = "Chapter07_6_1", "Chapter07\Chapter07_6_1.csproj", "{818F56C5-1275-4765-A5BC-6C4E75722287}"
EndProject
Project("{FAE04EC0-301F-11D3-BF4B-00C04F79EFBC}") = "ExerciseCh7_6_2","ExerciseCh7_6_2\ExerciseCh7_6_2.csproj", "{26BDB2EC-AF7C-4AAF-9229-A075C70B0417}"
EndProject
Project("{FAE04EC0-301F-11D3-BF4B-00C04F79EFBC}") = "Exercise7_6_3", "Exercise7_6_3\Exercise7_6_3.csproj", "{413482B9-F3A7-4283-BE7B-4944B404A598}"
EndProject
Project("{FAE04EC0-301F-11D3-BF4B-00C04F79EFBC}") = "ExerciseCh7_6_4", "ExerciseCh7_6_4\ExerciseCh7_6_4.csproj", "{933A42CB-F279-406F-B002-6E761F25CCB9}"
EndProject
Project("{FAE04EC0-301F-11D3-BF4B-00C04F79EFBC}") = "ExerciseCh7_6_5", "ExerciseCh7_6_5\ExerciseCh7_6_5.csproj", "{280FB339-1D1D-47F2-80B3-17377CE9166D}"
EndProject
Global
	GlobalSection(SolutionConfigurationPlatforms) = preSolution
		Debug|Any CPU = Debug|Any CPU
		Release|Any CPU = Release|Any CPU
	EndGlobalSection
	GlobalSection(ProjectConfigurationPlatforms) = postSolution
		{818F56C5-1275-4765-A5BC-6C4E75722287}.Debug|Any CPU.ActiveCfg = Debug|Any CPU
		{818F56C5-1275-4765-A5BC-6C4E75722287}.Debug|Any CPU.Build.0 = Debug|Any CPU
		{818F56C5-1275-4765-A5BC-6C4E75722287}.Release|Any CPU.ActiveCfg = Release|Any CPU
		{818F56C5-1275-4765-A5BC-6C4E75722287}.Release|Any CPU.Build.0 = Release|Any CPU
		{26BDB2EC-AF7C-4AAF-9229-A075C70B0417}.Debug|Any CPU.ActiveCfg = Debug|Any CPU
		{26BDB2EC-AF7C-4AAF-9229-A075C70B0417}.Debug|Any CPU.Build.0 = Debug|Any CPU
		{26BDB2EC-AF7C-4AAF-9229-A075C70B0417}.Release|Any CPU.ActiveCfg = Release|Any CPU
		{26BDB2EC-AF7C-4AAF-9229-A075C70B0417}.Release|Any CPU.Build.0 = Release|Any CPU
		{413482B9-F3A7-4283-BE7B-4944B404A598}.Debug|Any CPU.ActiveCfg = Debug|Any CPU
		{413482B9-F3A7-4283-BE7B-4944B404A598}.Debug|Any CPU.Build.0 = Debug|Any CPU
		{413482B9-F3A7-4283-BE7B-4944B404A598}.Release|Any CPU.ActiveCfg = Release|Any CPU
		{413482B9-F3A7-4283-BE7B-4944B404A598}.Release|Any CPU.Build.0 = Release|Any CPU
		{933A42CB-F279-406F-B002-6E761F25CCB9}.Debug|Any CPU.ActiveCfg = Debug|Any CPU
		{933A42CB-F279-406F-B002-6E761F25CCB9}.Debug|Any CPU.Build.0 = Debug|Any CPU
		{933A42CB-F279-406F-B002-6E761F25CCB9}.Release|Any CPU.ActiveCfg = Release|Any CPU
		{933A42CB-F279-406F-B002-6E761F25CCB9}.Release|Any CPU.Build.0 = Release|Any CPU
		{280FB339-1D1D-47F2-80B3-17377CE9166D}.Debug|Any CPU.ActiveCfg = Debug|Any CPU
		{280FB339-1D1D-47F2-80B3-17377CE9166D}.Debug|Any CPU.Build.0 = Debug|Any CPU
		{280FB339-1D1D-47F2-80B3-17377CE9166D}.Release|Any CPU.ActiveCfg = Release|Any CPU
		{280FB339-1D1D-47F2-80B3-17377CE9166D}.Release|Any CPU.Build.0 = Release|Any CPU
	EndGlobalSection
	GlobalSection(SolutionProperties) = preSolution
		HideSolutionNode = FALSE
	EndGlobalSection
	GlobalSection(ExtensibilityGlobals) = postSolution
		SolutionGuid = {6EFEE375-6D0D-4FD5-A509-B141B9F1C7D2}
	EndGlobalSection
EndGlobal
